{
  "version": 4,
  "terraform_version": "0.12.9",
  "serial": 3,
  "lineage": "2ecf6fcd-0c21-9e73-da8b-d251b5a5f027",
  "outputs": {},
  "resources": [
    {
      "mode": "managed",
      "type": "digitalocean_droplet",
      "name": "DockerBuilder",
      "provider": "provider.digitalocean",
      "instances": [
        {
          "status": "tainted",
          "schema_version": 1,
          "attributes": {
            "backups": false,
            "created_at": "2019-09-21T23:20:15Z",
            "disk": 80,
            "id": "159859919",
            "image": "ubuntu-18-04-x64",
            "ipv4_address": "159.65.50.244",
            "ipv4_address_private": "",
            "ipv6": false,
            "ipv6_address": "",
            "ipv6_address_private": null,
            "locked": false,
            "memory": 4096,
            "monitoring": true,
            "name": "Builder",
            "price_hourly": 0.02976,
            "price_monthly": 20,
            "private_networking": false,
            "region": "lon1",
            "resize_disk": true,
            "size": "s-2vcpu-4gb",
            "ssh_keys": [
              "f7:43:60:f3:67:ab:ba:b7:3d:7d:c7:a1:f3:3d:0d:7c"
            ],
            "status": "active",
            "tags": [
              "Terraform"
            ],
            "urn": "do:droplet:159859919",
            "user_data": null,
            "vcpus": 2,
            "volume_ids": []
          },
          "private": "eyJzY2hlbWFfdmVyc2lvbiI6IjEifQ==",
          "depends_on": [
            "digitalocean_ssh_key.Terraform"
          ]
        }
      ]
    },
    {
      "mode": "managed",
      "type": "digitalocean_record",
      "name": "DockerBuilder_DNS",
      "provider": "provider.digitalocean",
      "instances": []
    },
    {
      "mode": "managed",
      "type": "digitalocean_ssh_key",
      "name": "Terraform",
      "provider": "provider.digitalocean",
      "instances": [
        {
          "schema_version": 0,
          "attributes": {
            "fingerprint": "f7:43:60:f3:67:ab:ba:b7:3d:7d:c7:a1:f3:3d:0d:7c",
            "id": "25392722",
            "name": "Terraform Example",
            "public_key": "ssh-rsa AAAAB3NzaC1yc2EAAAADAQABAAAEAQCRHh5ApgKw1gv+4IhZRbTR3OaD3gM3GLPo/mJW1p3RUkvAEiPedm9/PEJRlhSYZ/Q0wydovQFOFos92HGAKtoYP/ce3xzDeC8rtbzM0WG9+5OR8H2sB8sk0o4dsNm4mheLELXfmJ5MC+TVfoIYLc+WY06NDQveko77SYDfjgklBGYAPyaT5isaulBve5/iszcdjudWOD6/lVw0DXK/MkmTQsCtmPlXHW5B60ZArfzO+zpJUneNGkGJyZKFLas8vcMZNAJhA6CLG6oJ4LaMOgZiDnv4PAIRJUkoOfvWnxVkdxXoqPT7QOvJuSv8kLBJYQgYjOYffIBXWSAZHc+hdZtvp473ITRDXpcUdbtUXqzZXINmcfVDQ8ityGZqpA+1/PrL3OuYrEx6s3MwR4MaSqZh7uhoEa/IRrsRaAx2wQ0JrX2SkVrrFS6MalT7QZrfgaMeloKpIpT0MFRoCFiLRZYV9zLzR38Ur26ox9NDKaO+y4QtAjX3KNIB4Mtpezptbzil0U3Sdv1uOinDCC5gN0YtrX0xB3bBAJC9cqmTidlsTzpyVLw0cLGDFsx9gREGrfmu0XycQPIsQqWkIP0RaGDRRbplK2CJTVCxXEO4iE3hofpT+zvUb59zqjOsvV2K8xvyrYmUseJGmlR182EjNv7tKBIDKi9o1tJyyixEnnMSbwZAtBthgziAGKd9VamESYBMnqjU/q8K/yNKPyhiOGoZNeasXee2Fn1LZtkjqHF0dn3GTqZ6tx3rqealK0uMLgqAu4zqCiVQ+X7fPuhsMpW59Dy+slC2iLlYAX2I6zCHTgNgDkG68vvTMlYD4RfrhOWWknHE/RBY8o7JS4gndlOWu/IusEfZkQELKQtn2WWa2bLIqzkHmvWhAA6s7GO/HIoMJF+MZT6SUkpqQzArOgkyqMRYKWs78F8srMLaP9Xh1mMp2W1B6fO1E68Bibo4etjjImF0Qfmw4zMKlJjy2KZm8wmslOyWMx55vRSPSbOyhud/VKxOFveWcwtmfZybANFlDxumWI9q8V40UdPQ9nb9VkJIf7L4Xvi6C9mkKcB7bekMfXiUo3uig2myOQiR4VP7bcJR2agLjMq4B6D/jxkhM1stKU9OCCD+7HLuQY90tBCyXKQLyVB+kv6Wd1yEHOoHp8y60z5Ds5AlkkSy9bU80IA6+IFpVicW2uI/2OoEq7hrC7sEMycrRa2fp3Vqjlg/QRdYLqg8ha6NipxPNcSaqRTOGvFdICm6+e94ocXmvYmmXYDWeo9oE8coST7yec6v8OqnBZQM7AbOIrJM4K0dAleRh/l5rKLtQO96Qltl7eDwXjM+xSl+8cnFe6P0HB5t8ImKchqkHSdgp+afPjVb _Tibbles__@Valkyrie.Core.RealmOfTibbles.XYZ"
          }
        }
      ]
    }
  ]
}
